# THIS IS AN AUTOGENERATED FILE. DO NOT EDIT THIS FILE DIRECTLY.
# yarn lockfile v1


Base64@~0.1.2:
  version "0.1.4"
  resolved "https://registry.yarnpkg.com/Base64/-/Base64-0.1.4.tgz#e9f6c6bef567fd635ea4162ab14dd329e74aa6de"
  integrity sha512-rHuyFTuK3/IH8tMcDB0BVrfpVM8+YQ7XSsICoYUu+JUUjnbbSyPfHok/NWLFgUbKt8sPeOIEFX6YJJTO2vgt7w==

JSONStream@~0.4.3:
  version "0.4.4"
  resolved "https://registry.yarnpkg.com/JSONStream/-/JSONStream-0.4.4.tgz#cc2cf119286c45be150423cbc128d480e9b54ae2"
  integrity sha512-0PZdD2nQCa76Q+So8SX6au7v19Bp4veBTqD91kqfJiYPhG0uwumVmz0PBcwFfXDeVlN7JjlgHbAZejUvfUBzBQ==
  dependencies:
    jsonparse "0.0.5"

JSONStream@~0.6.4:
  version "0.6.4"
  resolved "https://registry.yarnpkg.com/JSONStream/-/JSONStream-0.6.4.tgz#4b2c8063f8f512787b2375f7ee9db69208fa2dcb"
  integrity sha512-ER8YVJ+Xk4a1g+d8Xq9RFe2rjsUHV9eSRqfwe9DS5J5ga8bKWx4FwXZNWXpGDYchuOfqf4NFmDlwuloqHIj/5A==
  dependencies:
    jsonparse "0.0.5"
    through "~2.2.7"

amdefine@>=0.0.4:
  version "1.0.1"
  resolved "https://registry.yarnpkg.com/amdefine/-/amdefine-1.0.1.tgz#4a5282ac164729e93619bcfd3ad151f817ce91f5"
  integrity sha512-S2Hw0TtNkMJhIabBwIojKL9YHO5T0n5eNqWJ7Lrlel/zDbftQpxpapi8tZs3X1HWa+u+QeydGmzzNU0m09+Rcg==

andlog@>=0.0.4:
  version "1.0.2"
  resolved "https://registry.yarnpkg.com/andlog/-/andlog-1.0.2.tgz#0e77a44f62a782be3a78a7527beb5761c183f044"
  integrity sha512-ne6ibcbv3wqZHzbXarG7NfOpU2ai5ao6429ocq1betBBDDx7KE7R6k0IIeaT29JNko0lA88yVzHRRuxX2wpkHQ==

astw@~0.0.0:
  version "0.0.0"
  resolved "https://registry.yarnpkg.com/astw/-/astw-0.0.0.tgz#4490866a3ef116aaf91adba63ca7ddf70b6d59bd"
  integrity sha512-1U7z5mTBIkFRMXG+ujTN9dPRVIb+LPk18Du32JLP7gdZqtDILyVQvyflb7BNJf4R5GQxNPcJl45A2vs6Ouu+3A==
  dependencies:
    esprima "1.0.2"

attachmediastream@1.0.x:
  version "1.0.1"
  resolved "https://registry.yarnpkg.com/attachmediastream/-/attachmediastream-1.0.1.tgz#1140d887747187cf926e55a27479aef5f687e77f"
  integrity sha512-zIHYDVE224kRr1Al0fhRSGrPEIGG1jhcFL3734hZewuJfqkg/yo36vVW8HS21IvTIw18hl4N2fyXvKc66S4JMg==

base64-js@0.0.2:
  version "0.0.2"
  resolved "https://registry.yarnpkg.com/base64-js/-/base64-js-0.0.2.tgz#024f0f72afa25b75f9c0ee73cd4f55ec1bed9784"
  integrity sha512-Pj9L87dCdGcKlSqPVUjD+q96pbIx1zQQLb2CUiWURfjiBELv84YX+0nGnKmyT/9KkC7PQk7UN1w+Al8bBozaxQ==

bops@0.0.6:
  version "0.0.6"
  resolved "https://registry.yarnpkg.com/bops/-/bops-0.0.6.tgz#082d1d55fa01e60dbdc2ebc2dba37f659554cf3a"
  integrity sha512-EWD8/Ei9o/h/wmR3w/YL/8dGKe4rSFHlaO8VNNcuXnjXjeTgxdcmhjPf9hRCYlqTrBPZbKaht+FxZKahcob5UQ==
  dependencies:
    base64-js "0.0.2"
    to-utf8 "0.0.1"

bows@~0.1.3:
  version "0.1.3"
  resolved "https://registry.yarnpkg.com/bows/-/bows-0.1.3.tgz#df5b9f6b222a1036ccc2213241d589dfca836c86"
  integrity sha512-aXqyw2ckfzmA0LuBOlyzPrNfK1JHr6w7rew755r6aV70ckq6vSXubzyB6fictkxU+JJSg2H+IRKfXTAPGzw6gw==
  dependencies:
    andlog ">=0.0.4"

browser-builtins@~1.0.1:
  version "1.0.7"
  resolved "https://registry.yarnpkg.com/browser-builtins/-/browser-builtins-1.0.7.tgz#c54dff4ff0fd7aca411fc6bc2d6e01f5447e63d3"
  integrity sha512-n0WKhmaH3mb4ywJDk5FdAiMzTZgjFR6Zl0fhVs0E+FiJQHjyH27EUy2c7FstA2GDGNDIvS93bgFxyzd2e0Cwwg==
  dependencies:
    buffer-browserify "0.1.x"
    console-browserify "0.1.x"
    constants-browserify "0.0.x"
    crypto-browserify "1.0.x"
    http-browserify "0.1.x"
    punycode "1.2.x"
    resolve "0.3.x"
    vm-browserify "0.0.x"
    zlib-browserify "0.0.x"

browser-pack@~0.9.2:
  version "0.9.4"
  resolved "https://registry.yarnpkg.com/browser-pack/-/browser-pack-0.9.4.tgz#c8cc9ca31f3de0677fd545493af8bdee14b60f1b"
  integrity sha512-yyaL7TJQQdbt4Z7S6zwGNYIt4fHHAhslSH1Eycmh9OpNO+EPB0y5RFPIkAgUsm2Cf17Ax4M6bRtdrkbaBQ42fA==
  dependencies:
    JSONStream "~0.6.4"
    combine-source-map "~0.1.1"
    through "~2.3.4"

browser-resolve@~1.1.0:
  version "1.1.4"
  resolved "https://registry.yarnpkg.com/browser-resolve/-/browser-resolve-1.1.4.tgz#fc3b39ffb060c289d86668870b51326df0e76adc"
  integrity sha512-Rg/mZ9Op2d/fASmfJ02htvkyPSeNBEpnJxmyntlu7t+Bub2nC64dOrWb9S0Zzo10p8wQPVAYkAgzCbNQHnqCWw==
  dependencies:
    resolve "0.5.1"

browserify@~2.22.0:
  version "2.22.0"
  resolved "https://registry.yarnpkg.com/browserify/-/browserify-2.22.0.tgz#e99c569e5c8ead007a923fe0857964666b2dcbf3"
  integrity sha512-iYmAfcX8vaKEVGHX2MKbbBA221GCeltStvU0C94kuU8/ZENQogEGoCpv5xCRO0B4CS20nRZkUJSZreQJImeulw==
  dependencies:
    JSONStream "~0.6.4"
    browser-builtins "~1.0.1"
    browser-pack "~0.9.2"
    browser-resolve "~1.1.0"
    concat-stream "~1.0.0"
    duplexer "~0.0.2"
    inherits "~1.0.0"
    insert-module-globals "~1.2.0"
    module-deps "~0.13.0"
    optimist "~0.5.1"
    shell-quote "~0.0.1"
    syntax-error "~0.0.0"
    through "~2.3.4"
    umd "~1.1.0"

buffer-browserify@0.1.x:
  version "0.1.0"
  resolved "https://registry.yarnpkg.com/buffer-browserify/-/buffer-browserify-0.1.0.tgz#ae2af03df688695fa36be05f592c81a063298ddf"
  integrity sha512-X/ElZKujhD75e83Y8ZkYOx42ryvdsGgsL4dnyPu6/94xSb9sd/dswpYITDrDPzvbUJgFFuc4eFKQ6VMdsrYEDg==
  dependencies:
    base64-js "0.0.2"

callsite@~1.0.0:
  version "1.0.0"
  resolved "https://registry.yarnpkg.com/callsite/-/callsite-1.0.0.tgz#280398e5d664bd74038b6f0905153e6e8af1bc20"
  integrity sha512-0vdNRFXn5q+dtOqjfFtmtlI9N2eVZ7LMyEV2iKC5mEEFvSg/69Ml6b/WU2qF8W1nLRa0wiSrDT3Y5jOHZCwKPQ==

combine-source-map@~0.1.1:
  version "0.1.3"
  resolved "https://registry.yarnpkg.com/combine-source-map/-/combine-source-map-0.1.3.tgz#ddb7593a0f1672b88212702250147bc4e9ea95cf"
  integrity sha512-X/YyrdPhB7vomP32FuThG9SbTdv/7MrYLs4uZAsYgs6jcgvCTWMsVEcKt2zSDX0qSaeZUDZtAwhvdz1NC6zg2Q==
  dependencies:
    convert-source-map "~0.2.3"
    inline-source-map "~0.2.1"
    parse-base64vlq-mappings "~0.1.1"

commondir@~0.0.1:
  version "0.0.2"
  resolved "https://registry.yarnpkg.com/commondir/-/commondir-0.0.2.tgz#c49c8880c6fe96844bb3525dd2e7314050c389ee"
  integrity sha512-s4oS0jIUZ1t1LJCN7MI2cEDEd25cCSEW0vluKuDEsYcR0KGIiX7HmTtPMbxqGlaqGaihsGlmko1P3vNWzV7cOg==

concat-stream@~1.0.0:
  version "1.0.1"
  resolved "https://registry.yarnpkg.com/concat-stream/-/concat-stream-1.0.1.tgz#018b18bc1c7d073a2dc82aa48442341a2c4dd79f"
  integrity sha512-nAHFsgeRVVvZ+aB3S1gLeN73fQ+tdOcw075BHbXMbC6MY0h6nqAkEeqPVCw8kRuDJJZDvaUjxI4jZv2FD0Tl8A==
  dependencies:
    bops "0.0.6"

console-browserify@0.1.x:
  version "0.1.6"
  resolved "https://registry.yarnpkg.com/console-browserify/-/console-browserify-0.1.6.tgz#d128a3c0bb88350eb5626c6e7c71a6f0fd48983c"
  integrity sha512-FJahZyF+dLKrC7h4DOq5JsHA+f0cLJD3TR1+0CK3n6phtdrVAPsZZKq+PZRmo2RYSOHvvs8kNhU4uRiSZUbSbA==

constants-browserify@0.0.x:
  version "0.0.1"
  resolved "https://registry.yarnpkg.com/constants-browserify/-/constants-browserify-0.0.1.tgz#92577db527ba6c4cf0a4568d84bc031f441e21f2"
  integrity sha512-FL+diDS9AKR5BAA2M+GNk8lnH64tRE3zepTG9hucxc7o04LgCRhkQZhF7u/OKHZT8LLRT+sZEi9qFzXUchq9pA==

convert-source-map@~0.2.3:
  version "0.2.6"
  resolved "https://registry.yarnpkg.com/convert-source-map/-/convert-source-map-0.2.6.tgz#ae0ed736e8a6344a58b50a894723de5c851de2d4"
  integrity sha512-FdRIx8lQ7clo1L19NtZ1ldvK6pxX5+JTuj3uIm1um3NTuXunJWEIf2XjEm1oqsYratjNHlCrzT/TraGwLBZjjA==

crypto-browserify@1.0.x:
  version "1.0.9"
  resolved "https://registry.yarnpkg.com/crypto-browserify/-/crypto-browserify-1.0.9.tgz#cc5449685dfb85eb11c9828acc7cb87ab5bbfcc0"
  integrity sha512-fWmkaZPmccreTmANMdpvI0UrF34pzTAZDLKDcF0n5ThwpyeAs+DtSVxyhrZc6kHFiOFdyzjW5uZ8jAWE3kNY6A==

deep-equal@~0.0.0:
  version "0.0.0"
  resolved "https://registry.yarnpkg.com/deep-equal/-/deep-equal-0.0.0.tgz#99679d3bbd047156fcd450d3d01eeb9068691e83"
  integrity sha512-p1bI/kkDPT6auUI0U+WLuIIrzmDIDo80I406J8tT4y6I4ZGtBuMeTudrKDtBdMJFAcxqrQdx27gosqPVyY3IvQ==

defined@~0.0.0:
  version "0.0.0"
  resolved "https://registry.yarnpkg.com/defined/-/defined-0.0.0.tgz#f35eea7d705e933baf13b2f03b3f83d921403b3e"
  integrity sha512-zpqiCT8bODLu3QSmLLic8xJnYWBFjOSu/fBCm189oAiTtPq/PSanNACKZDS7kgSyCJY7P+IcODzlIogBK/9RBg==

detective@~2.1.2:
  version "2.1.2"
  resolved "https://registry.yarnpkg.com/detective/-/detective-2.1.2.tgz#d22ad9f18c82efb3f55fee2e244883da6bbb8e37"
  integrity sha512-hedmjOYPLbb9/WS8D8v1yRCMGnAvGBu8gQwyzODnpQ0PjvLybHpq4iiz3BQQ8UjvodC3r1qryOuo32PZgoSS8A==
  dependencies:
    escodegen "0.0.15"
    esprima "1.0.2"

duplexer@~0.0.2, duplexer@~0.0.3:
  version "0.0.4"
  resolved "https://registry.yarnpkg.com/duplexer/-/duplexer-0.0.4.tgz#afcb7f1f8b8d74f820726171d5d64ac9e4a8ff20"
  integrity sha512-nO0WWuIDTde3CWK/8IPpG50dyhUilgpsqzYSIP+w20Yh+4iDgb/2Gs75QItcp0Hmx/JtxtTXBalj+LSTD1VemA==

escodegen@0.0.15:
  version "0.0.15"
  resolved "https://registry.yarnpkg.com/escodegen/-/escodegen-0.0.15.tgz#ffda9cb26b70b34f7cc19f1d88756539afb543bd"
  integrity sha512-ALdTVKqhEj6bDf4pC0fXWRiUvhyJSJ0Ic8AdPuMGKckoa3gMXG+MPduI8TlDoSS84swDkfXeogXapbkErAHvDA==
  dependencies:
    esprima ">= 1.0.0"
  optionalDependencies:
    source-map ">= 0.1.2"

esprima@1.0.2:
  version "1.0.2"
  resolved "https://registry.yarnpkg.com/esprima/-/esprima-1.0.2.tgz#8039bf9ceac4d9d2c15f623264fb292b5502ceaf"
  integrity sha512-j2ZAN1Cm/rgsIEHgNa6eqvZjEtqFh8WEUdVswEpxj03AyzR1R6CHfunOpd9NOmLg0U18aAO2FunAjs49f5w0Yg==

"esprima@>= 1.0.0":
  version "4.0.1"
  resolved "https://registry.yarnpkg.com/esprima/-/esprima-4.0.1.tgz#13b04cdb3e6c5d19df91ab6987a8695619b0aa71"
  integrity sha512-eGuFFw7Upda+g4p+QHvnW0RyTX/SVeJBDM/gCtMARO0cLuT2HcEKnTPvhjV6aGeqrCB/sbNop0Kszm0jsaWU4A==

esprima@~0.9.9:
  version "0.9.9"
  resolved "https://registry.yarnpkg.com/esprima/-/esprima-0.9.9.tgz#1b90925c975d632d7282939c3bb9c3a423c30490"
  integrity sha512-uTFHqyoMus4csxVp8FSqPajg59VwNt0PshVERqiIjPed6L9IG0pYz/zbhZ2HFFvn8AKzduipZP6mFxr3dr18ag==

getusermedia@~0.1.0:
  version "0.1.1"
  resolved "https://registry.yarnpkg.com/getusermedia/-/getusermedia-0.1.1.tgz#4e8fb84a04c0cc518031456ae0631230ee2a9e32"
  integrity sha512-YXp+eRaQkH72XjY4voOdGpjB/384gVSE82RefLctjN4qsgbhpfQqu2X+/mZ0obthVQGyp6JSe280oFJGBbnYvQ==

http-browserify@0.1.x:
  version "0.1.14"
  resolved "https://registry.yarnpkg.com/http-browserify/-/http-browserify-0.1.14.tgz#9c8b3f94002204547c7cbe5269afe2ea62f71c7f"
  integrity sha512-q9Gd3S/dVbLBhRsEQh3R7/Y1aHUvdqdfgHWt/QQRwInX5Cji6bCQhD5yXbcV2c03bApRdYpTDQ0XZSIR2o7nWg==
  dependencies:
    Base64 "~0.1.2"
    concat-stream "~1.0.0"

indexof@0.0.1:
  version "0.0.1"
  resolved "https://registry.yarnpkg.com/indexof/-/indexof-0.0.1.tgz#82dc336d232b9062179d05ab3293a66059fd435d"
  integrity sha512-i0G7hLJ1z0DE8dsqJa2rycj9dBmNKgXBvotXtZYXakU9oivfB9Uj2ZBC27qqef2U58/ZLwalxa1X/RDCdkHtVg==

inherits@~1.0.0:
  version "1.0.2"
  resolved "https://registry.yarnpkg.com/inherits/-/inherits-1.0.2.tgz#ca4309dadee6b54cc0b8d247e8d7c7a0975bdc9b"
  integrity sha512-Al67oatbRSo3RV5hRqIoln6Y5yMVbJSIn4jEJNL7VCImzq/kLr7vvb6sFRJXqr8rpHc/2kJOM+y0sPKN47VdzA==

inline-source-map@~0.2.1:
  version "0.2.5"
  resolved "https://registry.yarnpkg.com/inline-source-map/-/inline-source-map-0.2.5.tgz#242ff6c18b9fb0934f7a9e83c14219c61c131670"
  integrity sha512-t4ZmlgEk83uozBYdjfoqG/IWMI/PzjdaLonqhCSYVBoFrgPU6CuBl8w5x7n/YUkjhdSftwB+41vydc8T8Qocwg==
  dependencies:
    source-map "~0.1.25"

insert-module-globals@~1.2.0:
  version "1.2.1"
  resolved "https://registry.yarnpkg.com/insert-module-globals/-/insert-module-globals-1.2.1.tgz#09b48c66ed326a6c1bbce03598433c60c7c24d13"
  integrity sha512-fGdZuN+z9b9hMjOTHePW76k9b4skrAlO47jlmCDTUxx/DjBGbDu3v+yxb9O4A8H+zIc4bRhYc8Wt8mHMd7XPow==
  dependencies:
    JSONStream "~0.4.3"
    commondir "~0.0.1"
    duplexer "~0.0.3"
    lexical-scope "~0.0.5"
    process "~0.5.1"
    through "~2.2.0"

jsonify@~0.0.0:
  version "0.0.1"
  resolved "https://registry.yarnpkg.com/jsonify/-/jsonify-0.0.1.tgz#2aa3111dae3d34a0f151c63f3a45d995d9420978"
  integrity sha512-2/Ki0GcmuqSrgFyelQq9M05y7PS0mEwuIzrf3f1fPqkVDVRvZrPZtVSMHxdgo8Aq0sxAOb/cr2aqqA3LeWHVPg==

jsonparse@0.0.5:
  version "0.0.5"
  resolved "https://registry.yarnpkg.com/jsonparse/-/jsonparse-0.0.5.tgz#330542ad3f0a654665b778f3eb2d9a9fa507ac64"
  integrity sha512-fw7Q/8gFR8iSekUi9I+HqWIap6mywuoe7hQIg3buTVjuZgALKj4HAmm0X6f+TaL4c9NJbvyFQdaI2ppr5p6dnQ==

lexical-scope@~0.0.5:
  version "0.0.15"
  resolved "https://registry.yarnpkg.com/lexical-scope/-/lexical-scope-0.0.15.tgz#ca595997aaed87b155cb041f48dc0438f48a04dc"
  integrity sha512-w2GlDzW3WYJcytiVfNeFKYQ4CUZJDBP8vtxkqD3jCjgqei4IbvMJu8EMhNXHbH//yW2hTVz04/Zbhi7eNeGEaw==
  dependencies:
    astw "~0.0.0"

module-deps@~0.13.0:
  version "0.13.1"
  resolved "https://registry.yarnpkg.com/module-deps/-/module-deps-0.13.1.tgz#6d31708b3d463854f874034ae519f1b2249180e9"
  integrity sha512-yflja7mboZy8vXJcexcJlJU++WZ9AQ0hw9Lr7NAVKPDcyrIH0GuXwmofKYyPMK2bjMTqTXhsj7GZoRTCa3zTfA==
  dependencies:
    JSONStream "~0.6.4"
    browser-resolve "~1.1.0"
    concat-stream "~1.0.0"
    detective "~2.1.2"
    resolve "~0.4.0"
    through "~2.3.4"

optimist@~0.3.5:
  version "0.3.7"
  resolved "https://registry.yarnpkg.com/optimist/-/optimist-0.3.7.tgz#c90941ad59e4273328923074d2cf2e7cbc6ec0d9"
  integrity sha512-TCx0dXQzVtSCg2OgY/bO9hjM9cV4XYx09TVK+s3+FhkjT6LovsLe+pPMzpWf+6yXK/hUizs2gUoTw3jHM0VaTQ==
  dependencies:
    wordwrap "~0.0.2"

optimist@~0.5.1:
  version "0.5.2"
  resolved "https://registry.yarnpkg.com/optimist/-/optimist-0.5.2.tgz#85c8c1454b3315e4a78947e857b1df033450bfbc"
  integrity sha512-r9M8ZpnM9SXV5Wii7TCqienfcaY3tAiJe9Jchof87icbmbruKgK0xKXngmrnowTDnEawmmI1Qbha59JEoBkBGA==
  dependencies:
    wordwrap "~0.0.2"

parse-base64vlq-mappings@~0.1.1:
  version "0.1.4"
  resolved "https://registry.yarnpkg.com/parse-base64vlq-mappings/-/parse-base64vlq-mappings-0.1.4.tgz#fcf5ddded39a010df8e3dc609c86ed01017dfa98"
  integrity sha512-nGqNfBUNlynVYVAeVTtrtyRLGYnT/xQWbl00RCzZ5RvnAZ2zv0MA0JlBz9P0O6GkG6QpvWLeYJGZwzMNy0uKUA==

process@~0.5.1:
  version "0.5.2"
  resolved "https://registry.yarnpkg.com/process/-/process-0.5.2.tgz#1638d8a8e34c2f440a91db95ab9aeb677fc185cf"
  integrity sha512-oNpcutj+nYX2FjdEW7PGltWhXulAnFlM0My/k48L90hARCOJtvBbQXc/6itV2jDvU5xAAtonP+r6wmQgCcbAUA==

punycode@1.2.x:
  version "1.2.4"
  resolved "https://registry.yarnpkg.com/punycode/-/punycode-1.2.4.tgz#54008ac972aec74175def9cba6df7fa9d3918740"
  integrity sha512-h/vscxLPvI2l7k/0dFUKZ5I5TgMCJ/Pl+J6rw77PDuQM6UApf/GaRVkjv/YSm2k+fbp7Yw8dxsoe29DolT7h7w==

resolve@0.3.x, resolve@~0.3.0:
  version "0.3.1"
  resolved "https://registry.yarnpkg.com/resolve/-/resolve-0.3.1.tgz#34c63447c664c70598d1c9b126fc43b2a24310a4"
  integrity sha512-mxx/I/wLjxtryDBtrrb0ZNzaYERVWaHpJ0W0Arm8N4l8b+jiX/U5yKcsj0zQpF9UuKN1uz80EUTOudON6OPuaQ==

resolve@0.5.1:
  version "0.5.1"
  resolved "https://registry.yarnpkg.com/resolve/-/resolve-0.5.1.tgz#15e4a222c4236bcd4cf85454412c2d0fb6524576"
  integrity sha512-PgoPtxVz3j45jqtNbMbxcBG+5FhjLLa425zzNBf50//c4XJDx/FC0fbAWJiVPsXOV/MLhbQslSYuEv6RFf7p3A==

resolve@~0.4.0:
  version "0.4.3"
  resolved "https://registry.yarnpkg.com/resolve/-/resolve-0.4.3.tgz#dcadad202e7cacc2467e3a38800211f42f9c13df"
  integrity sha512-VRdITglwtstb0Hqag3iAVSYWgS/HfeuQIfUcq5Iv9Dmt+kzevtN7i5IZTJrZA+KcDHq8lSVOH8UewJxD9EMa7Q==

rfile@~1.0, rfile@~1.0.0:
  version "1.0.0"
  resolved "https://registry.yarnpkg.com/rfile/-/rfile-1.0.0.tgz#59708cf90ca1e74c54c3cfc5c36fdb9810435261"
  integrity sha512-aNeTpY8g6DYmqPvakau22B0SipQTskO8FtYXzn8qg4X4bN9ExIH8VAhq/L9w7N8HvESYeSSwk3e4GmW+rLLAxQ==
  dependencies:
    callsite "~1.0.0"
    resolve "~0.3.0"

ruglify@~1.0.0:
  version "1.0.0"
  resolved "https://registry.yarnpkg.com/ruglify/-/ruglify-1.0.0.tgz#dc8930e2a9544a274301cc9972574c0d0986b675"
  integrity sha512-XfRj1YJdm/gnZNvmpQ5L+2YGRHglDGMPgJRbitgCxC3GzKVQF/t+ij1aNcNg2AnEXGtLHJDwoSWrAq3TUm0EVg==
  dependencies:
    rfile "~1.0"
    uglify-js "~2.2"

shell-quote@~0.0.1:
  version "0.0.1"
  resolved "https://registry.yarnpkg.com/shell-quote/-/shell-quote-0.0.1.tgz#1a41196f3c0333c482323593d6886ecf153dd986"
  integrity sha512-uEWz7wa9vnCi9w4mvKZMgbHFk3DCKjLQlZcy0tJxUH4NwZjRrPPHXAYIEt2TmJs600Dcgj0Z3fZLZKVPVdGNbQ==

"source-map@>= 0.1.2":
  version "0.7.4"
  resolved "https://registry.yarnpkg.com/source-map/-/source-map-0.7.4.tgz#a9bbe705c9d8846f4e08ff6765acf0f1b0898656"
  integrity sha512-l3BikUxvPOcn5E74dZiq5BGsTb5yEwhaTSzccU6t4sDOH8NWJCstKO5QT2CvtFoK6F0saL7p9xHAqHOlCPJygA==

source-map@~0.1.25, source-map@~0.1.7:
  version "0.1.43"
  resolved "https://registry.yarnpkg.com/source-map/-/source-map-0.1.43.tgz#c24bc146ca517c1471f5dacbe2571b2b7f9e3346"
  integrity sha512-VtCvB9SIQhk3aF6h+N85EaqIaBFIAfZ9Cu+NJHHVvc8BbEcnvDcFw6sqQ2dQrT6SlOrZq3tIvyD9+EGq/lJryQ==
  dependencies:
    amdefine ">=0.0.4"

syntax-error@~0.0.0:
  version "0.0.1"
  resolved "https://registry.yarnpkg.com/syntax-error/-/syntax-error-0.0.1.tgz#019d075348cd8c5b79f0603c73e53891a7c5235d"
  integrity sha512-Pg2FzUaDR1Zlkl5ol+6LGAES7PjqcvfUpa2OKZZhww4VrRyjZyU2v+4C0dcYfhwNl2FMaZW9mXHzX0kS9x3xXw==
  dependencies:
    esprima "~0.9.9"

tape@~0.2.2:
  version "0.2.2"
  resolved "https://registry.yarnpkg.com/tape/-/tape-0.2.2.tgz#64ccfa4b7ecf4a0060007e61716d424781671637"
  integrity sha512-bfyf/0yv2FZVsf80b7oo50Lyi35sfjE7VM6206du7LtpbdQP8rbLhZy/stuS/Dcq4w6jE1Pz2zFrHtfeOKbaUA==
  dependencies:
    deep-equal "~0.0.0"
    defined "~0.0.0"
    jsonify "~0.0.0"

through@~2.2.0, through@~2.2.7:
  version "2.2.7"
  resolved "https://registry.yarnpkg.com/through/-/through-2.2.7.tgz#6e8e21200191d4eb6a99f6f010df46aa1c6eb2bd"
  integrity sha512-JIR0m0ybkmTcR8URann+HbwKmodP+OE8UCbsifQDYMLD5J3em1Cdn3MYPpbEd5elGDwmP98T+WbqP/tvzA5Mjg==

through@~2.3.1, through@~2.3.4:
  version "2.3.8"
  resolved "https://registry.yarnpkg.com/through/-/through-2.3.8.tgz#0dd4c9ffaabc357960b1b724115d7e0e86a2e1f5"
  integrity sha512-w89qg7PI8wAdvX60bMDP+bFoD5Dvhm9oLheFp5O4a2QF0cSBGsBX4qZmadPMvVqlLJBBci+WqGGOAPvcDeNSVg==

to-utf8@0.0.1:
  version "0.0.1"
  resolved "https://registry.yarnpkg.com/to-utf8/-/to-utf8-0.0.1.tgz#d17aea72ff2fba39b9e43601be7b3ff72e089852"
  integrity sha512-zks18/TWT1iHO3v0vFp5qLKOG27m67ycq/Y7a7cTiRuUNlc4gf3HGnkRgMv0NyhnfTamtkYBJl+YeD1/j07gBQ==

uglify-js@~2.2, uglify-js@~2.2.5:
  version "2.2.5"
  resolved "https://registry.yarnpkg.com/uglify-js/-/uglify-js-2.2.5.tgz#a6e02a70d839792b9780488b7b8b184c095c99c7"
  integrity sha512-viLk+/8G0zm2aKt1JJAVcz5J/5ytdiNaIsKgrre3yvSUjwVG6ZUujGH7E2TiPigZUwLYCe7eaIUEP2Zka2VJPA==
  dependencies:
    optimist "~0.3.5"
    source-map "~0.1.7"

umd@~1.1.0:
  version "1.1.1"
  resolved "https://registry.yarnpkg.com/umd/-/umd-1.1.1.tgz#481b64655b1b3db0c1f3910225c3804fc6d7ec58"
  integrity sha512-enmeQO53e7Ra7A6xT7poPdqapuy5RJo+w+fFl50rpj0NsQ3TrCT6tENe6OljDXQ0MAAC70raDWewA0mEeMMH0w==
  dependencies:
    rfile "~1.0.0"
    ruglify "~1.0.0"
    through "~2.3.1"
    uglify-js "~2.2.5"

vm-browserify@0.0.x:
  version "0.0.4"
  resolved "https://registry.yarnpkg.com/vm-browserify/-/vm-browserify-0.0.4.tgz#5d7ea45bbef9e4a6ff65f95438e0a87c357d5a73"
  integrity sha512-NyZNR3WDah+NPkjh/YmhuWSsT4a0mF0BJYgUmvrJ70zxjTXh5Y2Asobxlh0Nfs0PCFB5FVpRJft7NozAWFMwLQ==
  dependencies:
    indexof "0.0.1"

wildemitter@^1.2.0:
  version "1.2.1"
  resolved "https://registry.yarnpkg.com/wildemitter/-/wildemitter-1.2.1.tgz#9da3b5ca498e4378628d1783145493c70a10b774"
  integrity sha512-UMmSUoIQSir+XbBpTxOTS53uJ8s/lVhADCkEbhfRjUGFDPme/XGOb0sBWLx5sTz7Wx/2+TlAw1eK9O5lw5PiEw==

wordwrap@~0.0.2:
  version "0.0.3"
  resolved "https://registry.yarnpkg.com/wordwrap/-/wordwrap-0.0.3.tgz#a3d5da6cd5c0bc0008d37234bbaf1bed63059107"
  integrity sha512-1tMA907+V4QmxV7dbRvb4/8MaRALK6q9Abid3ndMYnbyo8piisCmeONVqVSXqQA3KaP4SLt5b7ud6E2sqP8TFw==

zlib-browserify@0.0.x:
  version "0.0.3"
  resolved "https://registry.yarnpkg.com/zlib-browserify/-/zlib-browserify-0.0.3.tgz#240ccdbfd0203fa842b130deefb1414122c8cc50"
  integrity sha512-KW42YGoQKq7+oU46deeWMUsrPyBruEWV1DoObBTMfEC2LnTqQIrwKVKrPoz2mn5DXESW4Ca/lIP2MqGHrt/WFA==
  dependencies:
    tape "~0.2.2"
